# This file was autogenerated by Stack.
# You should not edit this file by hand.
# For more information, please see the documentation at:
#   https://docs.haskellstack.org/en/stable/topics/lock_files

packages:
- completed:
    hackage: yi-dynamic-configuration-0.19.1@sha256:bc3f8e7f6639c0804a944c5391e48b899c756fee8cb9c48b113db86e1b599f87,876
    pantry-tree:
      sha256: 00cdcef391252eda8688400abaa3bb50e717b488338f391fae50d3c0b1b8f583
      size: 350
  original:
    hackage: yi-dynamic-configuration-0.19.1
snapshots:
- completed:
    sha256: 91dfbdf885fb0110f0e63cdba42e13ff375dc7efc2f69f02d238b31ca3c1064f
    size: 728778
    url: https://raw.githubusercontent.com/commercialhaskell/stackage-snapshots/master/lts/24/39.yaml
  original:
    url: https://raw.githubusercontent.com/commercialhaskell/stackage-snapshots/master/lts/24/39.yaml
